// !$*UTF8*$!
{
	archiveVersion = 1;
	classes = {
	};
	objectVersion = 46;
	objects = {

/* Begin PBXBuildFile section */
		0613799B135B24F600B2273D /* UIKit.framework in Frameworks */ = {isa = PBXBuildFile; fileRef = 0613799A135B24F600B2273D /* UIKit.framework */; };
		0613799D135B24F600B2273D /* Foundation.framework in Frameworks */ = {isa = PBXBuildFile; fileRef = 0613799C135B24F600B2273D /* Foundation.framework */; };
		0613799F135B24F600B2273D /* CoreGraphics.framework in Frameworks */ = {isa = PBXBuildFile; fileRef = 0613799E135B24F600B2273D /* CoreGraphics.framework */; };
		061379A5135B24F600B2273D /* InfoPlist.strings in Resources */ = {isa = PBXBuildFile; fileRef = 061379A3135B24F600B2273D /* InfoPlist.strings */; };
		061379A8135B24F600B2273D /* main.m in Sources */ = {isa = PBXBuildFile; fileRef = 061379A7135B24F600B2273D /* main.m */; };
		061379AB135B24F700B2273D /* TrackPostAppDelegate.m in Sources */ = {isa = PBXBuildFile; fileRef = 061379AA135B24F700B2273D /* TrackPostAppDelegate.m */; };
		061379AE135B24F700B2273D /* MainWindow.xib in Resources */ = {isa = PBXBuildFile; fileRef = 061379AC135B24F700B2273D /* MainWindow.xib */; };
		061379B4135B24F700B2273D /* RootViewController.xib in Resources */ = {isa = PBXBuildFile; fileRef = 061379B2135B24F700B2273D /* RootViewController.xib */; };
		061379BB135B24F700B2273D /* UIKit.framework in Frameworks */ = {isa = PBXBuildFile; fileRef = 0613799A135B24F600B2273D /* UIKit.framework */; };
		061379BC135B24F700B2273D /* Foundation.framework in Frameworks */ = {isa = PBXBuildFile; fileRef = 0613799C135B24F600B2273D /* Foundation.framework */; };
		061379BD135B24F700B2273D /* CoreGraphics.framework in Frameworks */ = {isa = PBXBuildFile; fileRef = 0613799E135B24F600B2273D /* CoreGraphics.framework */; };
		061379C5135B24F700B2273D /* InfoPlist.strings in Resources */ = {isa = PBXBuildFile; fileRef = 061379C3135B24F700B2273D /* InfoPlist.strings */; };
		061379C8135B24F700B2273D /* TrackPostTests.h in Resources */ = {isa = PBXBuildFile; fileRef = 061379C7135B24F700B2273D /* TrackPostTests.h */; };
		061379CA135B24F700B2273D /* TrackPostTests.m in Sources */ = {isa = PBXBuildFile; fileRef = 061379C9135B24F700B2273D /* TrackPostTests.m */; };
		06137A07135B27A700B2273D /* NSData+Compress.m in Sources */ = {isa = PBXBuildFile; fileRef = 061379DF135B27A700B2273D /* NSData+Compress.m */; };
		06137A08135B27A700B2273D /* NSString+LastFMTimeExtensions.m in Sources */ = {isa = PBXBuildFile; fileRef = 061379E1135B27A700B2273D /* NSString+LastFMTimeExtensions.m */; };
		06137A09135B27A700B2273D /* NSString+MD5.m in Sources */ = {isa = PBXBuildFile; fileRef = 061379E3135B27A700B2273D /* NSString+MD5.m */; };
		06137A0A135B27A700B2273D /* NSString+URLEscaped.m in Sources */ = {isa = PBXBuildFile; fileRef = 061379E5135B27A700B2273D /* NSString+URLEscaped.m */; };
		06137A0B135B27A700B2273D /* LastFMService.m in Sources */ = {isa = PBXBuildFile; fileRef = 061379E8135B27A700B2273D /* LastFMService.m */; };
		06137A0C135B27A700B2273D /* CXMLDocument_CreationExtensions.m in Sources */ = {isa = PBXBuildFile; fileRef = 061379EC135B27A700B2273D /* CXMLDocument_CreationExtensions.m */; };
		06137A0D135B27A700B2273D /* CXMLNode_CreationExtensions.m in Sources */ = {isa = PBXBuildFile; fileRef = 061379EE135B27A700B2273D /* CXMLNode_CreationExtensions.m */; };
		06137A0E135B27A700B2273D /* CXHTMLDocument.m in Sources */ = {isa = PBXBuildFile; fileRef = 061379F0135B27A700B2273D /* CXHTMLDocument.m */; };
		06137A0F135B27A700B2273D /* CXMLDocument.m in Sources */ = {isa = PBXBuildFile; fileRef = 061379F2135B27A700B2273D /* CXMLDocument.m */; };
		06137A10135B27A700B2273D /* CXMLDocument_PrivateExtensions.m in Sources */ = {isa = PBXBuildFile; fileRef = 061379F4135B27A700B2273D /* CXMLDocument_PrivateExtensions.m */; };
		06137A11135B27A700B2273D /* CXMLElement.m in Sources */ = {isa = PBXBuildFile; fileRef = 061379F6135B27A700B2273D /* CXMLElement.m */; };
		06137A12135B27A700B2273D /* CXMLElement_CreationExtensions.m in Sources */ = {isa = PBXBuildFile; fileRef = 061379F8135B27A700B2273D /* CXMLElement_CreationExtensions.m */; };
		06137A13135B27A700B2273D /* CXMLElement_ElementTreeExtensions.m in Sources */ = {isa = PBXBuildFile; fileRef = 061379FA135B27A700B2273D /* CXMLElement_ElementTreeExtensions.m */; };
		06137A14135B27A700B2273D /* CXMLNamespaceNode.m in Sources */ = {isa = PBXBuildFile; fileRef = 061379FC135B27A700B2273D /* CXMLNamespaceNode.m */; };
		06137A15135B27A700B2273D /* CXMLNode.m in Sources */ = {isa = PBXBuildFile; fileRef = 061379FE135B27A700B2273D /* CXMLNode.m */; };
		06137A16135B27A700B2273D /* CXMLNode_PrivateExtensions.m in Sources */ = {isa = PBXBuildFile; fileRef = 06137A00135B27A700B2273D /* CXMLNode_PrivateExtensions.m */; };
		06137A17135B27A700B2273D /* CXMLNode_XPathExtensions.m in Sources */ = {isa = PBXBuildFile; fileRef = 06137A02135B27A700B2273D /* CXMLNode_XPathExtensions.m */; };
		06137A18135B27A700B2273D /* CTidy.m in Sources */ = {isa = PBXBuildFile; fileRef = 06137A05135B27A700B2273D /* CTidy.m */; };
		06137A1A135B27D000B2273D /* iAd.framework in Frameworks */ = {isa = PBXBuildFile; fileRef = 06137A19135B27D000B2273D /* iAd.framework */; };
		06137A1C135B27E300B2273D /* SystemConfiguration.framework in Frameworks */ = {isa = PBXBuildFile; fileRef = 06137A1B135B27E300B2273D /* SystemConfiguration.framework */; };
		06137A1E135B27F700B2273D /* MediaPlayer.framework in Frameworks */ = {isa = PBXBuildFile; fileRef = 06137A1D135B27F700B2273D /* MediaPlayer.framework */; };
		06137A20135B280400B2273D /* libxml2.dylib in Frameworks */ = {isa = PBXBuildFile; fileRef = 06137A1F135B280400B2273D /* libxml2.dylib */; };
		06137A2D135B2DD800B2273D /* RootViewController.m in Sources */ = {isa = PBXBuildFile; fileRef = 06137A2A135B2DD700B2273D /* RootViewController.m */; };
		06137A2E135B2DD800B2273D /* ScrobblerViewController.m in Sources */ = {isa = PBXBuildFile; fileRef = 06137A2C135B2DD700B2273D /* ScrobblerViewController.m */; };
		06137A31135B2DF500B2273D /* ScrobblerViewController.xib in Resources */ = {isa = PBXBuildFile; fileRef = 06137A2F135B2DF400B2273D /* ScrobblerViewController.xib */; };
		06643A16142643040072CC37 /* icon.png in Resources */ = {isa = PBXBuildFile; fileRef = 06643A15142643040072CC37 /* icon.png */; };
		06B7C56B135C7AB3006EE22B /* RecentTracksViewController.m in Sources */ = {isa = PBXBuildFile; fileRef = 06B7C569135C7AB3006EE22B /* RecentTracksViewController.m */; };
		06B7C56C135C7AB3006EE22B /* RecentTracksViewController.xib in Resources */ = {isa = PBXBuildFile; fileRef = 06B7C56A135C7AB3006EE22B /* RecentTracksViewController.xib */; };
		06B7C570135C80EB006EE22B /* TrackCell.m in Sources */ = {isa = PBXBuildFile; fileRef = 06B7C56F135C80EB006EE22B /* TrackCell.m */; };
		06B7C57413607AD6006EE22B /* TrackInfoViewController.m in Sources */ = {isa = PBXBuildFile; fileRef = 06B7C57213607AD6006EE22B /* TrackInfoViewController.m */; };
		06B7C57513607AD6006EE22B /* TrackInfoViewController.xib in Resources */ = {isa = PBXBuildFile; fileRef = 06B7C57313607AD6006EE22B /* TrackInfoViewController.xib */; };
		06BDAF1E137FF9CB00BC7EA9 /* README.md in Resources */ = {isa = PBXBuildFile; fileRef = 06BDAF1D137FF9CB00BC7EA9 /* README.md */; };
		06BDAF391389263B00BC7EA9 /* icon@2x.png in Resources */ = {isa = PBXBuildFile; fileRef = 06BDAF381389263B00BC7EA9 /* icon@2x.png */; };
		06D2BA2B142592CA00F1D68A /* PendingView.m in Sources */ = {isa = PBXBuildFile; fileRef = 06D2BA2A142592CA00F1D68A /* PendingView.m */; };
		06D2BA341425A8A700F1D68A /* Localizable.strings in Resources */ = {isa = PBXBuildFile; fileRef = 06D2BA321425A8A700F1D68A /* Localizable.strings */; };
		06D2BA371425A8B200F1D68A /* Localizable.strings in Resources */ = {isa = PBXBuildFile; fileRef = 06D2BA351425A8B200F1D68A /* Localizable.strings */; };
/* End PBXBuildFile section */

/* Begin PBXContainerItemProxy section */
		061379BE135B24F700B2273D /* PBXContainerItemProxy */ = {
			isa = PBXContainerItemProxy;
			containerPortal = 0613798D135B24F600B2273D /* Project object */;
			proxyType = 1;
			remoteGlobalIDString = 06137995135B24F600B2273D;
			remoteInfo = TrackPost;
		};
/* End PBXContainerItemProxy section */

/* Begin PBXFileReference section */
		06137996135B24F600B2273D /* TrackPost.app */ = {isa = PBXFileReference; explicitFileType = wrapper.application; includeInIndex = 0; path = TrackPost.app; sourceTree = BUILT_PRODUCTS_DIR; };
		0613799A135B24F600B2273D /* UIKit.framework */ = {isa = PBXFileReference; lastKnownFileType = wrapper.framework; name = UIKit.framework; path = System/Library/Frameworks/UIKit.framework; sourceTree = SDKROOT; };
		0613799C135B24F600B2273D /* Foundation.framework */ = {isa = PBXFileReference; lastKnownFileType = wrapper.framework; name = Foundation.framework; path = System/Library/Frameworks/Foundation.framework; sourceTree = SDKROOT; };
		0613799E135B24F600B2273D /* CoreGraphics.framework */ = {isa = PBXFileReference; lastKnownFileType = wrapper.framework; name = CoreGraphics.framework; path = System/Library/Frameworks/CoreGraphics.framework; sourceTree = SDKROOT; };
		061379A2135B24F600B2273D /* TrackPost-Info.plist */ = {isa = PBXFileReference; lastKnownFileType = text.plist.xml; path = "TrackPost-Info.plist"; sourceTree = "<group>"; };
		061379A4135B24F600B2273D /* en */ = {isa = PBXFileReference; lastKnownFileType = text.plist.strings; name = en; path = en.lproj/InfoPlist.strings; sourceTree = "<group>"; };
		061379A6135B24F600B2273D /* TrackPost-Prefix.pch */ = {isa = PBXFileReference; lastKnownFileType = sourcecode.c.h; path = "TrackPost-Prefix.pch"; sourceTree = "<group>"; };
		061379A7135B24F600B2273D /* main.m */ = {isa = PBXFileReference; lastKnownFileType = sourcecode.c.objc; path = main.m; sourceTree = "<group>"; };
		061379A9135B24F700B2273D /* TrackPostAppDelegate.h */ = {isa = PBXFileReference; lastKnownFileType = sourcecode.c.h; path = TrackPostAppDelegate.h; sourceTree = "<group>"; };
		061379AA135B24F700B2273D /* TrackPostAppDelegate.m */ = {isa = PBXFileReference; lastKnownFileType = sourcecode.c.objc; path = TrackPostAppDelegate.m; sourceTree = "<group>"; };
		061379AD135B24F700B2273D /* en */ = {isa = PBXFileReference; lastKnownFileType = file.xib; name = en; path = en.lproj/MainWindow.xib; sourceTree = "<group>"; };
		061379B3135B24F700B2273D /* en */ = {isa = PBXFileReference; lastKnownFileType = file.xib; name = en; path = en.lproj/RootViewController.xib; sourceTree = "<group>"; };
		061379BA135B24F700B2273D /* TrackPostTests.octest */ = {isa = PBXFileReference; explicitFileType = wrapper.cfbundle; includeInIndex = 0; path = TrackPostTests.octest; sourceTree = BUILT_PRODUCTS_DIR; };
		061379C2135B24F700B2273D /* TrackPostTests-Info.plist */ = {isa = PBXFileReference; lastKnownFileType = text.plist.xml; path = "TrackPostTests-Info.plist"; sourceTree = "<group>"; };
		061379C4135B24F700B2273D /* en */ = {isa = PBXFileReference; lastKnownFileType = text.plist.strings; name = en; path = en.lproj/InfoPlist.strings; sourceTree = "<group>"; };
		061379C6135B24F700B2273D /* TrackPostTests-Prefix.pch */ = {isa = PBXFileReference; lastKnownFileType = sourcecode.c.h; path = "TrackPostTests-Prefix.pch"; sourceTree = "<group>"; };
		061379C7135B24F700B2273D /* TrackPostTests.h */ = {isa = PBXFileReference; lastKnownFileType = sourcecode.c.h; path = TrackPostTests.h; sourceTree = "<group>"; };
		061379C9135B24F700B2273D /* TrackPostTests.m */ = {isa = PBXFileReference; lastKnownFileType = sourcecode.c.objc; path = TrackPostTests.m; sourceTree = "<group>"; };
		061379DB135B268800B2273D /* version.h */ = {isa = PBXFileReference; fileEncoding = 4; lastKnownFileType = sourcecode.c.h; path = version.h; sourceTree = "<group>"; };
		061379DE135B27A700B2273D /* NSData+Compress.h */ = {isa = PBXFileReference; fileEncoding = 4; lastKnownFileType = sourcecode.c.h; path = "NSData+Compress.h"; sourceTree = "<group>"; };
		061379DF135B27A700B2273D /* NSData+Compress.m */ = {isa = PBXFileReference; fileEncoding = 4; lastKnownFileType = sourcecode.c.objc; path = "NSData+Compress.m"; sourceTree = "<group>"; };
		061379E0135B27A700B2273D /* NSString+LastFMTimeExtensions.h */ = {isa = PBXFileReference; fileEncoding = 4; lastKnownFileType = sourcecode.c.h; path = "NSString+LastFMTimeExtensions.h"; sourceTree = "<group>"; };
		061379E1135B27A700B2273D /* NSString+LastFMTimeExtensions.m */ = {isa = PBXFileReference; fileEncoding = 4; lastKnownFileType = sourcecode.c.objc; path = "NSString+LastFMTimeExtensions.m"; sourceTree = "<group>"; };
		061379E2135B27A700B2273D /* NSString+MD5.h */ = {isa = PBXFileReference; fileEncoding = 4; lastKnownFileType = sourcecode.c.h; path = "NSString+MD5.h"; sourceTree = "<group>"; };
		061379E3135B27A700B2273D /* NSString+MD5.m */ = {isa = PBXFileReference; fileEncoding = 4; lastKnownFileType = sourcecode.c.objc; path = "NSString+MD5.m"; sourceTree = "<group>"; };
		061379E4135B27A700B2273D /* NSString+URLEscaped.h */ = {isa = PBXFileReference; fileEncoding = 4; lastKnownFileType = sourcecode.c.h; path = "NSString+URLEscaped.h"; sourceTree = "<group>"; };
		061379E5135B27A700B2273D /* NSString+URLEscaped.m */ = {isa = PBXFileReference; fileEncoding = 4; lastKnownFileType = sourcecode.c.objc; path = "NSString+URLEscaped.m"; sourceTree = "<group>"; };
		061379E7135B27A700B2273D /* LastFMService.h */ = {isa = PBXFileReference; fileEncoding = 4; lastKnownFileType = sourcecode.c.h; path = LastFMService.h; sourceTree = "<group>"; };
		061379E8135B27A700B2273D /* LastFMService.m */ = {isa = PBXFileReference; fileEncoding = 4; lastKnownFileType = sourcecode.c.objc; path = LastFMService.m; sourceTree = "<group>"; };
		061379EB135B27A700B2273D /* CXMLDocument_CreationExtensions.h */ = {isa = PBXFileReference; fileEncoding = 4; lastKnownFileType = sourcecode.c.h; path = CXMLDocument_CreationExtensions.h; sourceTree = "<group>"; };
		061379EC135B27A700B2273D /* CXMLDocument_CreationExtensions.m */ = {isa = PBXFileReference; fileEncoding = 4; lastKnownFileType = sourcecode.c.objc; path = CXMLDocument_CreationExtensions.m; sourceTree = "<group>"; };
		061379ED135B27A700B2273D /* CXMLNode_CreationExtensions.h */ = {isa = PBXFileReference; fileEncoding = 4; lastKnownFileType = sourcecode.c.h; path = CXMLNode_CreationExtensions.h; sourceTree = "<group>"; };
		061379EE135B27A700B2273D /* CXMLNode_CreationExtensions.m */ = {isa = PBXFileReference; fileEncoding = 4; lastKnownFileType = sourcecode.c.objc; path = CXMLNode_CreationExtensions.m; sourceTree = "<group>"; };
		061379EF135B27A700B2273D /* CXHTMLDocument.h */ = {isa = PBXFileReference; fileEncoding = 4; lastKnownFileType = sourcecode.c.h; path = CXHTMLDocument.h; sourceTree = "<group>"; };
		061379F0135B27A700B2273D /* CXHTMLDocument.m */ = {isa = PBXFileReference; fileEncoding = 4; lastKnownFileType = sourcecode.c.objc; path = CXHTMLDocument.m; sourceTree = "<group>"; };
		061379F1135B27A700B2273D /* CXMLDocument.h */ = {isa = PBXFileReference; fileEncoding = 4; lastKnownFileType = sourcecode.c.h; path = CXMLDocument.h; sourceTree = "<group>"; };
		061379F2135B27A700B2273D /* CXMLDocument.m */ = {isa = PBXFileReference; fileEncoding = 4; lastKnownFileType = sourcecode.c.objc; path = CXMLDocument.m; sourceTree = "<group>"; };
		061379F3135B27A700B2273D /* CXMLDocument_PrivateExtensions.h */ = {isa = PBXFileReference; fileEncoding = 4; lastKnownFileType = sourcecode.c.h; path = CXMLDocument_PrivateExtensions.h; sourceTree = "<group>"; };
		061379F4135B27A700B2273D /* CXMLDocument_PrivateExtensions.m */ = {isa = PBXFileReference; fileEncoding = 4; lastKnownFileType = sourcecode.c.objc; path = CXMLDocument_PrivateExtensions.m; sourceTree = "<group>"; };
		061379F5135B27A700B2273D /* CXMLElement.h */ = {isa = PBXFileReference; fileEncoding = 4; lastKnownFileType = sourcecode.c.h; path = CXMLElement.h; sourceTree = "<group>"; };
		061379F6135B27A700B2273D /* CXMLElement.m */ = {isa = PBXFileReference; fileEncoding = 4; lastKnownFileType = sourcecode.c.objc; path = CXMLElement.m; sourceTree = "<group>"; };
		061379F7135B27A700B2273D /* CXMLElement_CreationExtensions.h */ = {isa = PBXFileReference; fileEncoding = 4; lastKnownFileType = sourcecode.c.h; path = CXMLElement_CreationExtensions.h; sourceTree = "<group>"; };
		061379F8135B27A700B2273D /* CXMLElement_CreationExtensions.m */ = {isa = PBXFileReference; fileEncoding = 4; lastKnownFileType = sourcecode.c.objc; path = CXMLElement_CreationExtensions.m; sourceTree = "<group>"; };
		061379F9135B27A700B2273D /* CXMLElement_ElementTreeExtensions.h */ = {isa = PBXFileReference; fileEncoding = 4; lastKnownFileType = sourcecode.c.h; path = CXMLElement_ElementTreeExtensions.h; sourceTree = "<group>"; };
		061379FA135B27A700B2273D /* CXMLElement_ElementTreeExtensions.m */ = {isa = PBXFileReference; fileEncoding = 4; lastKnownFileType = sourcecode.c.objc; path = CXMLElement_ElementTreeExtensions.m; sourceTree = "<group>"; };
		061379FB135B27A700B2273D /* CXMLNamespaceNode.h */ = {isa = PBXFileReference; fileEncoding = 4; lastKnownFileType = sourcecode.c.h; path = CXMLNamespaceNode.h; sourceTree = "<group>"; };
		061379FC135B27A700B2273D /* CXMLNamespaceNode.m */ = {isa = PBXFileReference; fileEncoding = 4; lastKnownFileType = sourcecode.c.objc; path = CXMLNamespaceNode.m; sourceTree = "<group>"; };
		061379FD135B27A700B2273D /* CXMLNode.h */ = {isa = PBXFileReference; fileEncoding = 4; lastKnownFileType = sourcecode.c.h; path = CXMLNode.h; sourceTree = "<group>"; };
		061379FE135B27A700B2273D /* CXMLNode.m */ = {isa = PBXFileReference; fileEncoding = 4; lastKnownFileType = sourcecode.c.objc; path = CXMLNode.m; sourceTree = "<group>"; };
		061379FF135B27A700B2273D /* CXMLNode_PrivateExtensions.h */ = {isa = PBXFileReference; fileEncoding = 4; lastKnownFileType = sourcecode.c.h; path = CXMLNode_PrivateExtensions.h; sourceTree = "<group>"; };
		06137A00135B27A700B2273D /* CXMLNode_PrivateExtensions.m */ = {isa = PBXFileReference; fileEncoding = 4; lastKnownFileType = sourcecode.c.objc; path = CXMLNode_PrivateExtensions.m; sourceTree = "<group>"; };
		06137A01135B27A700B2273D /* CXMLNode_XPathExtensions.h */ = {isa = PBXFileReference; fileEncoding = 4; lastKnownFileType = sourcecode.c.h; path = CXMLNode_XPathExtensions.h; sourceTree = "<group>"; };
		06137A02135B27A700B2273D /* CXMLNode_XPathExtensions.m */ = {isa = PBXFileReference; fileEncoding = 4; lastKnownFileType = sourcecode.c.objc; path = CXMLNode_XPathExtensions.m; sourceTree = "<group>"; };
		06137A04135B27A700B2273D /* CTidy.h */ = {isa = PBXFileReference; fileEncoding = 4; lastKnownFileType = sourcecode.c.h; path = CTidy.h; sourceTree = "<group>"; };
		06137A05135B27A700B2273D /* CTidy.m */ = {isa = PBXFileReference; fileEncoding = 4; lastKnownFileType = sourcecode.c.objc; path = CTidy.m; sourceTree = "<group>"; };
		06137A06135B27A700B2273D /* TouchXML.h */ = {isa = PBXFileReference; fileEncoding = 4; lastKnownFileType = sourcecode.c.h; path = TouchXML.h; sourceTree = "<group>"; };
		06137A19135B27D000B2273D /* iAd.framework */ = {isa = PBXFileReference; lastKnownFileType = wrapper.framework; name = iAd.framework; path = System/Library/Frameworks/iAd.framework; sourceTree = SDKROOT; };
		06137A1B135B27E300B2273D /* SystemConfiguration.framework */ = {isa = PBXFileReference; lastKnownFileType = wrapper.framework; name = SystemConfiguration.framework; path = System/Library/Frameworks/SystemConfiguration.framework; sourceTree = SDKROOT; };
		06137A1D135B27F700B2273D /* MediaPlayer.framework */ = {isa = PBXFileReference; lastKnownFileType = wrapper.framework; name = MediaPlayer.framework; path = System/Library/Frameworks/MediaPlayer.framework; sourceTree = SDKROOT; };
		06137A1F135B280400B2273D /* libxml2.dylib */ = {isa = PBXFileReference; lastKnownFileType = "compiled.mach-o.dylib"; name = libxml2.dylib; path = usr/lib/libxml2.dylib; sourceTree = SDKROOT; };
		06137A27135B2D8F00B2273D /* apikey.h */ = {isa = PBXFileReference; fileEncoding = 4; lastKnownFileType = sourcecode.c.h; path = apikey.h; sourceTree = "<group>"; };
		06137A29135B2DD700B2273D /* RootViewController.h */ = {isa = PBXFileReference; fileEncoding = 4; lastKnownFileType = sourcecode.c.h; path = RootViewController.h; sourceTree = "<group>"; };
		06137A2A135B2DD700B2273D /* RootViewController.m */ = {isa = PBXFileReference; fileEncoding = 4; lastKnownFileType = sourcecode.c.objc; path = RootViewController.m; sourceTree = "<group>"; };
		06137A2B135B2DD700B2273D /* ScrobblerViewController.h */ = {isa = PBXFileReference; fileEncoding = 4; lastKnownFileType = sourcecode.c.h; path = ScrobblerViewController.h; sourceTree = "<group>"; };
		06137A2C135B2DD700B2273D /* ScrobblerViewController.m */ = {isa = PBXFileReference; fileEncoding = 4; lastKnownFileType = sourcecode.c.objc; path = ScrobblerViewController.m; sourceTree = "<group>"; };
		06137A30135B2DF400B2273D /* en */ = {isa = PBXFileReference; lastKnownFileType = file.xib; name = en; path = en.lproj/ScrobblerViewController.xib; sourceTree = "<group>"; };
		06643A15142643040072CC37 /* icon.png */ = {isa = PBXFileReference; lastKnownFileType = image.png; path = icon.png; sourceTree = "<group>"; };
		06B7C566135C7938006EE22B /* apikey.sample.h */ = {isa = PBXFileReference; fileEncoding = 4; lastKnownFileType = sourcecode.c.h; path = apikey.sample.h; sourceTree = "<group>"; };
		06B7C568135C7AB3006EE22B /* RecentTracksViewController.h */ = {isa = PBXFileReference; fileEncoding = 4; lastKnownFileType = sourcecode.c.h; path = RecentTracksViewController.h; sourceTree = "<group>"; };
		06B7C569135C7AB3006EE22B /* RecentTracksViewController.m */ = {isa = PBXFileReference; fileEncoding = 4; lastKnownFileType = sourcecode.c.objc; path = RecentTracksViewController.m; sourceTree = "<group>"; };
		06B7C56A135C7AB3006EE22B /* RecentTracksViewController.xib */ = {isa = PBXFileReference; fileEncoding = 4; lastKnownFileType = file.xib; path = RecentTracksViewController.xib; sourceTree = "<group>"; };
		06B7C56E135C80EB006EE22B /* TrackCell.h */ = {isa = PBXFileReference; fileEncoding = 4; lastKnownFileType = sourcecode.c.h; path = TrackCell.h; sourceTree = "<group>"; };
		06B7C56F135C80EB006EE22B /* TrackCell.m */ = {isa = PBXFileReference; fileEncoding = 4; lastKnownFileType = sourcecode.c.objc; path = TrackCell.m; sourceTree = "<group>"; };
		06B7C57113607AD6006EE22B /* TrackInfoViewController.h */ = {isa = PBXFileReference; fileEncoding = 4; lastKnownFileType = sourcecode.c.h; path = TrackInfoViewController.h; sourceTree = "<group>"; };
		06B7C57213607AD6006EE22B /* TrackInfoViewController.m */ = {isa = PBXFileReference; fileEncoding = 4; lastKnownFileType = sourcecode.c.objc; path = TrackInfoViewController.m; sourceTree = "<group>"; };
		06B7C57313607AD6006EE22B /* TrackInfoViewController.xib */ = {isa = PBXFileReference; fileEncoding = 4; lastKnownFileType = file.xib; path = TrackInfoViewController.xib; sourceTree = "<group>"; };
		06BDAF1D137FF9CB00BC7EA9 /* README.md */ = {isa = PBXFileReference; fileEncoding = 4; lastKnownFileType = text; path = README.md; sourceTree = "<group>"; };
		06BDAF381389263B00BC7EA9 /* icon@2x.png */ = {isa = PBXFileReference; lastKnownFileType = image.png; path = "icon@2x.png"; sourceTree = "<group>"; };
		06D2BA29142592CA00F1D68A /* PendingView.h */ = {isa = PBXFileReference; fileEncoding = 4; lastKnownFileType = sourcecode.c.h; path = PendingView.h; sourceTree = "<group>"; };
		06D2BA2A142592CA00F1D68A /* PendingView.m */ = {isa = PBXFileReference; fileEncoding = 4; lastKnownFileType = sourcecode.c.objc; path = PendingView.m; sourceTree = "<group>"; };
		06D2BA331425A8A700F1D68A /* ja */ = {isa = PBXFileReference; lastKnownFileType = text.plist.strings; name = ja; path = TrackPost/ja.lproj/Localizable.strings; sourceTree = "<group>"; };
		06D2BA361425A8B200F1D68A /* en */ = {isa = PBXFileReference; lastKnownFileType = text.plist.strings; name = en; path = TrackPost/en.lproj/Localizable.strings; sourceTree = "<group>"; };
/* End PBXFileReference section */

/* Begin PBXFrameworksBuildPhase section */
		06137993135B24F600B2273D /* Frameworks */ = {
			isa = PBXFrameworksBuildPhase;
			buildActionMask = 2147483647;
			files = (
				0613799B135B24F600B2273D /* UIKit.framework in Frameworks */,
				0613799D135B24F600B2273D /* Foundation.framework in Frameworks */,
				0613799F135B24F600B2273D /* CoreGraphics.framework in Frameworks */,
				06137A1A135B27D000B2273D /* iAd.framework in Frameworks */,
				06137A1C135B27E300B2273D /* SystemConfiguration.framework in Frameworks */,
				06137A1E135B27F700B2273D /* MediaPlayer.framework in Frameworks */,
				06137A20135B280400B2273D /* libxml2.dylib in Frameworks */,
			);
			runOnlyForDeploymentPostprocessing = 0;
		};
		061379B6135B24F700B2273D /* Frameworks */ = {
			isa = PBXFrameworksBuildPhase;
			buildActionMask = 2147483647;
			files = (
				061379BB135B24F700B2273D /* UIKit.framework in Frameworks */,
				061379BC135B24F700B2273D /* Foundation.framework in Frameworks */,
				061379BD135B24F700B2273D /* CoreGraphics.framework in Frameworks */,
			);
			runOnlyForDeploymentPostprocessing = 0;
		};
/* End PBXFrameworksBuildPhase section */

/* Begin PBXGroup section */
		0613798B135B24F600B2273D = {
			isa = PBXGroup;
			children = (
				06643A15142643040072CC37 /* icon.png */,
				06BDAF381389263B00BC7EA9 /* icon@2x.png */,
				061379A0135B24F600B2273D /* TrackPost */,
				061379C0135B24F700B2273D /* TrackPostTests */,
				06137999135B24F600B2273D /* Frameworks */,
				06137997135B24F600B2273D /* Products */,
				06BDAF19137FF96C00BC7EA9 /* Resource */,
			);
			sourceTree = "<group>";
		};
		06137997135B24F600B2273D /* Products */ = {
			isa = PBXGroup;
			children = (
				06137996135B24F600B2273D /* TrackPost.app */,
				061379BA135B24F700B2273D /* TrackPostTests.octest */,
			);
			name = Products;
			sourceTree = "<group>";
		};
		06137999135B24F600B2273D /* Frameworks */ = {
			isa = PBXGroup;
			children = (
				06137A1F135B280400B2273D /* libxml2.dylib */,
				06137A1D135B27F700B2273D /* MediaPlayer.framework */,
				06137A1B135B27E300B2273D /* SystemConfiguration.framework */,
				06137A19135B27D000B2273D /* iAd.framework */,
				0613799A135B24F600B2273D /* UIKit.framework */,
				0613799C135B24F600B2273D /* Foundation.framework */,
				0613799E135B24F600B2273D /* CoreGraphics.framework */,
			);
			name = Frameworks;
			sourceTree = "<group>";
		};
		061379A0135B24F600B2273D /* TrackPost */ = {
			isa = PBXGroup;
			children = (
				06137A28135B2DD700B2273D /* View */,
				061379DD135B27A700B2273D /* Library */,
				061379E6135B27A700B2273D /* Service */,
				061379E9135B27A700B2273D /* Source */,
				061379A9135B24F700B2273D /* TrackPostAppDelegate.h */,
				061379AA135B24F700B2273D /* TrackPostAppDelegate.m */,
				061379AC135B24F700B2273D /* MainWindow.xib */,
				061379A1135B24F600B2273D /* Supporting Files */,
				061379DB135B268800B2273D /* version.h */,
				06137A27135B2D8F00B2273D /* apikey.h */,
				06B7C566135C7938006EE22B /* apikey.sample.h */,
			);
			path = TrackPost;
			sourceTree = "<group>";
		};
		061379A1135B24F600B2273D /* Supporting Files */ = {
			isa = PBXGroup;
			children = (
				061379A2135B24F600B2273D /* TrackPost-Info.plist */,
				061379A3135B24F600B2273D /* InfoPlist.strings */,
				061379A6135B24F600B2273D /* TrackPost-Prefix.pch */,
				061379A7135B24F600B2273D /* main.m */,
			);
			name = "Supporting Files";
			sourceTree = "<group>";
		};
		061379C0135B24F700B2273D /* TrackPostTests */ = {
			isa = PBXGroup;
			children = (
				061379C7135B24F700B2273D /* TrackPostTests.h */,
				061379C9135B24F700B2273D /* TrackPostTests.m */,
				061379C1135B24F700B2273D /* Supporting Files */,
			);
			path = TrackPostTests;
			sourceTree = "<group>";
		};
		061379C1135B24F700B2273D /* Supporting Files */ = {
			isa = PBXGroup;
			children = (
				061379C2135B24F700B2273D /* TrackPostTests-Info.plist */,
				061379C3135B24F700B2273D /* InfoPlist.strings */,
				061379C6135B24F700B2273D /* TrackPostTests-Prefix.pch */,
			);
			name = "Supporting Files";
			sourceTree = "<group>";
		};
		061379DD135B27A700B2273D /* Library */ = {
			isa = PBXGroup;
			children = (
				061379DE135B27A700B2273D /* NSData+Compress.h */,
				061379DF135B27A700B2273D /* NSData+Compress.m */,
				061379E0135B27A700B2273D /* NSString+LastFMTimeExtensions.h */,
				061379E1135B27A700B2273D /* NSString+LastFMTimeExtensions.m */,
				061379E2135B27A700B2273D /* NSString+MD5.h */,
				061379E3135B27A700B2273D /* NSString+MD5.m */,
				061379E4135B27A700B2273D /* NSString+URLEscaped.h */,
				061379E5135B27A700B2273D /* NSString+URLEscaped.m */,
			);
			name = Library;
			path = Classes/Library;
			sourceTree = "<group>";
		};
		061379E6135B27A700B2273D /* Service */ = {
			isa = PBXGroup;
			children = (
				061379E7135B27A700B2273D /* LastFMService.h */,
				061379E8135B27A700B2273D /* LastFMService.m */,
			);
			name = Service;
			path = Classes/Service;
			sourceTree = "<group>";
		};
		061379E9135B27A700B2273D /* Source */ = {
			isa = PBXGroup;
			children = (
				061379EA135B27A700B2273D /* Creation */,
				061379EF135B27A700B2273D /* CXHTMLDocument.h */,
				061379F0135B27A700B2273D /* CXHTMLDocument.m */,
				061379F1135B27A700B2273D /* CXMLDocument.h */,
				061379F2135B27A700B2273D /* CXMLDocument.m */,
				061379F3135B27A700B2273D /* CXMLDocument_PrivateExtensions.h */,
				061379F4135B27A700B2273D /* CXMLDocument_PrivateExtensions.m */,
				061379F5135B27A700B2273D /* CXMLElement.h */,
				061379F6135B27A700B2273D /* CXMLElement.m */,
				061379F7135B27A700B2273D /* CXMLElement_CreationExtensions.h */,
				061379F8135B27A700B2273D /* CXMLElement_CreationExtensions.m */,
				061379F9135B27A700B2273D /* CXMLElement_ElementTreeExtensions.h */,
				061379FA135B27A700B2273D /* CXMLElement_ElementTreeExtensions.m */,
				061379FB135B27A700B2273D /* CXMLNamespaceNode.h */,
				061379FC135B27A700B2273D /* CXMLNamespaceNode.m */,
				061379FD135B27A700B2273D /* CXMLNode.h */,
				061379FE135B27A700B2273D /* CXMLNode.m */,
				061379FF135B27A700B2273D /* CXMLNode_PrivateExtensions.h */,
				06137A00135B27A700B2273D /* CXMLNode_PrivateExtensions.m */,
				06137A01135B27A700B2273D /* CXMLNode_XPathExtensions.h */,
				06137A02135B27A700B2273D /* CXMLNode_XPathExtensions.m */,
				06137A03135B27A700B2273D /* Tidy */,
				06137A06135B27A700B2273D /* TouchXML.h */,
			);
			name = Source;
			path = Classes/Source;
			sourceTree = "<group>";
		};
		061379EA135B27A700B2273D /* Creation */ = {
			isa = PBXGroup;
			children = (
				061379EB135B27A700B2273D /* CXMLDocument_CreationExtensions.h */,
				061379EC135B27A700B2273D /* CXMLDocument_CreationExtensions.m */,
				061379ED135B27A700B2273D /* CXMLNode_CreationExtensions.h */,
				061379EE135B27A700B2273D /* CXMLNode_CreationExtensions.m */,
			);
			path = Creation;
			sourceTree = "<group>";
		};
		06137A03135B27A700B2273D /* Tidy */ = {
			isa = PBXGroup;
			children = (
				06137A04135B27A700B2273D /* CTidy.h */,
				06137A05135B27A700B2273D /* CTidy.m */,
			);
			path = Tidy;
			sourceTree = "<group>";
		};
		06137A28135B2DD700B2273D /* View */ = {
			isa = PBXGroup;
			children = (
				06D2BA29142592CA00F1D68A /* PendingView.h */,
				06D2BA2A142592CA00F1D68A /* PendingView.m */,
				06B7C56D135C80B5006EE22B /* Cell */,
				06137A29135B2DD700B2273D /* RootViewController.h */,
				06137A2A135B2DD700B2273D /* RootViewController.m */,
				061379B2135B24F700B2273D /* RootViewController.xib */,
				06137A2B135B2DD700B2273D /* ScrobblerViewController.h */,
				06137A2C135B2DD700B2273D /* ScrobblerViewController.m */,
				06137A2F135B2DF400B2273D /* ScrobblerViewController.xib */,
				06B7C568135C7AB3006EE22B /* RecentTracksViewController.h */,
				06B7C569135C7AB3006EE22B /* RecentTracksViewController.m */,
				06B7C56A135C7AB3006EE22B /* RecentTracksViewController.xib */,
				06B7C57113607AD6006EE22B /* TrackInfoViewController.h */,
				06B7C57213607AD6006EE22B /* TrackInfoViewController.m */,
				06B7C57313607AD6006EE22B /* TrackInfoViewController.xib */,
			);
			name = View;
			path = Classes/View;
			sourceTree = "<group>";
		};
		06B7C56D135C80B5006EE22B /* Cell */ = {
			isa = PBXGroup;
			children = (
				06B7C56E135C80EB006EE22B /* TrackCell.h */,
				06B7C56F135C80EB006EE22B /* TrackCell.m */,
			);
			name = Cell;
			sourceTree = "<group>";
		};
		06BDAF19137FF96C00BC7EA9 /* Resource */ = {
			isa = PBXGroup;
			children = (
				06D2BA311425A88F00F1D68A /* ja.lproj */,
				06D2BA301425A88100F1D68A /* en.lproj */,
				06BDAF1D137FF9CB00BC7EA9 /* README.md */,
			);
			name = Resource;
			sourceTree = "<group>";
		};
		06D2BA301425A88100F1D68A /* en.lproj */ = {
			isa = PBXGroup;
			children = (
				06D2BA351425A8B200F1D68A /* Localizable.strings */,
			);
			name = en.lproj;
			sourceTree = "<group>";
		};
		06D2BA311425A88F00F1D68A /* ja.lproj */ = {
			isa = PBXGroup;
			children = (
				06D2BA321425A8A700F1D68A /* Localizable.strings */,
			);
			name = ja.lproj;
			sourceTree = "<group>";
		};
/* End PBXGroup section */

/* Begin PBXNativeTarget section */
		06137995135B24F600B2273D /* TrackPost */ = {
			isa = PBXNativeTarget;
			buildConfigurationList = 061379CD135B24F700B2273D /* Build configuration list for PBXNativeTarget "TrackPost" */;
			buildPhases = (
				06137992135B24F600B2273D /* Sources */,
				06137993135B24F600B2273D /* Frameworks */,
				06137994135B24F600B2273D /* Resources */,
			);
			buildRules = (
			);
			dependencies = (
			);
			name = TrackPost;
			productName = TrackPost;
			productReference = 06137996135B24F600B2273D /* TrackPost.app */;
			productType = "com.apple.product-type.application";
		};
		061379B9135B24F700B2273D /* TrackPostTests */ = {
			isa = PBXNativeTarget;
			buildConfigurationList = 061379D0135B24F700B2273D /* Build configuration list for PBXNativeTarget "TrackPostTests" */;
			buildPhases = (
				061379B5135B24F700B2273D /* Sources */,
				061379B6135B24F700B2273D /* Frameworks */,
				061379B7135B24F700B2273D /* Resources */,
				061379B8135B24F700B2273D /* ShellScript */,
			);
			buildRules = (
			);
			dependencies = (
				061379BF135B24F700B2273D /* PBXTargetDependency */,
			);
			name = TrackPostTests;
			productName = TrackPostTests;
			productReference = 061379BA135B24F700B2273D /* TrackPostTests.octest */;
			productType = "com.apple.product-type.bundle";
		};
/* End PBXNativeTarget section */

/* Begin PBXProject section */
		0613798D135B24F600B2273D /* Project object */ = {
			isa = PBXProject;
			attributes = {
				LastUpgradeCheck = 0420;
				ORGANIZATIONNAME = envision;
			};
			buildConfigurationList = 06137990135B24F600B2273D /* Build configuration list for PBXProject "TrackPost" */;
			compatibilityVersion = "Xcode 3.2";
			developmentRegion = English;
			hasScannedForEncodings = 0;
			knownRegions = (
				en,
				ja,
			);
			mainGroup = 0613798B135B24F600B2273D;
			productRefGroup = 06137997135B24F600B2273D /* Products */;
			projectDirPath = "";
			projectRoot = "";
			targets = (
				06137995135B24F600B2273D /* TrackPost */,
				061379B9135B24F700B2273D /* TrackPostTests */,
			);
		};
/* End PBXProject section */

/* Begin PBXResourcesBuildPhase section */
		06137994135B24F600B2273D /* Resources */ = {
			isa = PBXResourcesBuildPhase;
			buildActionMask = 2147483647;
			files = (
				061379A5135B24F600B2273D /* InfoPlist.strings in Resources */,
				061379AE135B24F700B2273D /* MainWindow.xib in Resources */,
				061379B4135B24F700B2273D /* RootViewController.xib in Resources */,
				06137A31135B2DF500B2273D /* ScrobblerViewController.xib in Resources */,
				06B7C56C135C7AB3006EE22B /* RecentTracksViewController.xib in Resources */,
				06B7C57513607AD6006EE22B /* TrackInfoViewController.xib in Resources */,
				06BDAF1E137FF9CB00BC7EA9 /* README.md in Resources */,
				06BDAF391389263B00BC7EA9 /* icon@2x.png in Resources */,
				06D2BA341425A8A700F1D68A /* Localizable.strings in Resources */,
				06D2BA371425A8B200F1D68A /* Localizable.strings in Resources */,
				06643A16142643040072CC37 /* icon.png in Resources */,
			);
			runOnlyForDeploymentPostprocessing = 0;
		};
		061379B7135B24F700B2273D /* Resources */ = {
			isa = PBXResourcesBuildPhase;
			buildActionMask = 2147483647;
			files = (
				061379C5135B24F700B2273D /* InfoPlist.strings in Resources */,
				061379C8135B24F700B2273D /* TrackPostTests.h in Resources */,
			);
			runOnlyForDeploymentPostprocessing = 0;
		};
/* End PBXResourcesBuildPhase section */

/* Begin PBXShellScriptBuildPhase section */
		061379B8135B24F700B2273D /* ShellScript */ = {
			isa = PBXShellScriptBuildPhase;
			buildActionMask = 2147483647;
			files = (
			);
			inputPaths = (
			);
			outputPaths = (
			);
			runOnlyForDeploymentPostprocessing = 0;
			shellPath = /bin/sh;
			shellScript = "# Run the unit tests in this test bundle.\n\"${SYSTEM_DEVELOPER_DIR}/Tools/RunUnitTests\"\n";
		};
/* End PBXShellScriptBuildPhase section */

/* Begin PBXSourcesBuildPhase section */
		06137992135B24F600B2273D /* Sources */ = {
			isa = PBXSourcesBuildPhase;
			buildActionMask = 2147483647;
			files = (
				061379A8135B24F600B2273D /* main.m in Sources */,
				061379AB135B24F700B2273D /* TrackPostAppDelegate.m in Sources */,
				06137A07135B27A700B2273D /* NSData+Compress.m in Sources */,
				06137A08135B27A700B2273D /* NSString+LastFMTimeExtensions.m in Sources */,
				06137A09135B27A700B2273D /* NSString+MD5.m in Sources */,
				06137A0A135B27A700B2273D /* NSString+URLEscaped.m in Sources */,
				06137A0B135B27A700B2273D /* LastFMService.m in Sources */,
				06137A0C135B27A700B2273D /* CXMLDocument_CreationExtensions.m in Sources */,
				06137A0D135B27A700B2273D /* CXMLNode_CreationExtensions.m in Sources */,
				06137A0E135B27A700B2273D /* CXHTMLDocument.m in Sources */,
				06137A0F135B27A700B2273D /* CXMLDocument.m in Sources */,
				06137A10135B27A700B2273D /* CXMLDocument_PrivateExtensions.m in Sources */,
				06137A11135B27A700B2273D /* CXMLElement.m in Sources */,
				06137A12135B27A700B2273D /* CXMLElement_CreationExtensions.m in Sources */,
				06137A13135B27A700B2273D /* CXMLElement_ElementTreeExtensions.m in Sources */,
				06137A14135B27A700B2273D /* CXMLNamespaceNode.m in Sources */,
				06137A15135B27A700B2273D /* CXMLNode.m in Sources */,
				06137A16135B27A700B2273D /* CXMLNode_PrivateExtensions.m in Sources */,
				06137A17135B27A700B2273D /* CXMLNode_XPathExtensions.m in Sources */,
				06137A18135B27A700B2273D /* CTidy.m in Sources */,
				06137A2D135B2DD800B2273D /* RootViewController.m in Sources */,
				06137A2E135B2DD800B2273D /* ScrobblerViewController.m in Sources */,
				06B7C56B135C7AB3006EE22B /* RecentTracksViewController.m in Sources */,
				06B7C570135C80EB006EE22B /* TrackCell.m in Sources */,
				06B7C57413607AD6006EE22B /* TrackInfoViewController.m in Sources */,
				06D2BA2B142592CA00F1D68A /* PendingView.m in Sources */,
			);
			runOnlyForDeploymentPostprocessing = 0;
		};
		061379B5135B24F700B2273D /* Sources */ = {
			isa = PBXSourcesBuildPhase;
			buildActionMask = 2147483647;
			files = (
				061379CA135B24F700B2273D /* TrackPostTests.m in Sources */,
			);
			runOnlyForDeploymentPostprocessing = 0;
		};
/* End PBXSourcesBuildPhase section */

/* Begin PBXTargetDependency section */
		061379BF135B24F700B2273D /* PBXTargetDependency */ = {
			isa = PBXTargetDependency;
			target = 06137995135B24F600B2273D /* TrackPost */;
			targetProxy = 061379BE135B24F700B2273D /* PBXContainerItemProxy */;
		};
/* End PBXTargetDependency section */

/* Begin PBXVariantGroup section */
		061379A3135B24F600B2273D /* InfoPlist.strings */ = {
			isa = PBXVariantGroup;
			children = (
				061379A4135B24F600B2273D /* en */,
			);
			name = InfoPlist.strings;
			sourceTree = "<group>";
		};
		061379AC135B24F700B2273D /* MainWindow.xib */ = {
			isa = PBXVariantGroup;
			children = (
				061379AD135B24F700B2273D /* en */,
			);
			name = MainWindow.xib;
			sourceTree = "<group>";
		};
		061379B2135B24F700B2273D /* RootViewController.xib */ = {
			isa = PBXVariantGroup;
			children = (
				061379B3135B24F700B2273D /* en */,
			);
			name = RootViewController.xib;
			path = ../..;
			sourceTree = "<group>";
		};
		061379C3135B24F700B2273D /* InfoPlist.strings */ = {
			isa = PBXVariantGroup;
			children = (
				061379C4135B24F700B2273D /* en */,
			);
			name = InfoPlist.strings;
			sourceTree = "<group>";
		};
		06137A2F135B2DF400B2273D /* ScrobblerViewController.xib */ = {
			isa = PBXVariantGroup;
			children = (
				06137A30135B2DF400B2273D /* en */,
			);
			name = ScrobblerViewController.xib;
			path = ../..;
			sourceTree = "<group>";
		};
		06D2BA321425A8A700F1D68A /* Localizable.strings */ = {
			isa = PBXVariantGroup;
			children = (
				06D2BA331425A8A700F1D68A /* ja */,
			);
			name = Localizable.strings;
			sourceTree = "<group>";
		};
		06D2BA351425A8B200F1D68A /* Localizable.strings */ = {
			isa = PBXVariantGroup;
			children = (
				06D2BA361425A8B200F1D68A /* en */,
			);
			name = Localizable.strings;
			sourceTree = "<group>";
		};
/* End PBXVariantGroup section */

/* Begin XCBuildConfiguration section */
		061379CB135B24F700B2273D /* Debug */ = {
			isa = XCBuildConfiguration;
			buildSettings = {
				ARCHS = (
					"$(ARCHS_STANDARD_32_BIT)",
					armv6,
				);
				CODE_SIGN_IDENTITY = "iPhone Developer: Osamu Noguchi (BQY439J4V9)";
				"CODE_SIGN_IDENTITY[sdk=iphoneos*]" = "iPhone Developer";
				GCC_C_LANGUAGE_STANDARD = gnu99;
				GCC_OPTIMIZATION_LEVEL = 0;
				GCC_PREPROCESSOR_DEFINITIONS = DEBUG;
				GCC_SYMBOLS_PRIVATE_EXTERN = NO;
				GCC_VERSION = com.apple.compilers.llvm.clang.1_0;
				GCC_WARN_ABOUT_RETURN_TYPE = YES;
				GCC_WARN_UNUSED_VARIABLE = YES;
				HEADER_SEARCH_PATHS = "${SDKROOT}/usr/include/libxml2";
				IPHONEOS_DEPLOYMENT_TARGET = 4.1;
				OTHER_LDFLAGS = (
					"-weak-lSystem",
					"-weak_framework",
					UIKit,
					"-ObjC",
					"-lz",
				);
				PROVISIONING_PROFILE = "5FB26EB7-5CA2-436E-A191-21540F9BBF4D";
				SDKROOT = iphoneos;
			};
			name = Debug;
		};
		061379CC135B24F700B2273D /* Release */ = {
			isa = XCBuildConfiguration;
			buildSettings = {
				ARCHS = (
					"$(ARCHS_STANDARD_32_BIT)",
					armv6,
				);
				CODE_SIGN_IDENTITY = "iPhone Developer: Osamu Noguchi (BQY439J4V9)";
				"CODE_SIGN_IDENTITY[sdk=iphoneos*]" = "iPhone Developer";
				GCC_C_LANGUAGE_STANDARD = gnu99;
				GCC_VERSION = com.apple.compilers.llvm.clang.1_0;
				GCC_WARN_ABOUT_RETURN_TYPE = YES;
				GCC_WARN_UNUSED_VARIABLE = YES;
				HEADER_SEARCH_PATHS = "${SDKROOT}/usr/include/libxml2";
				IPHONEOS_DEPLOYMENT_TARGET = 4.1;
				OTHER_CFLAGS = "-DNS_BLOCK_ASSERTIONS=1";
				OTHER_LDFLAGS = (
					"-weak-lSystem",
					"-weak_framework",
					UIKit,
					"-ObjC",
					"-lz",
				);
				PROVISIONING_PROFILE = "5FB26EB7-5CA2-436E-A191-21540F9BBF4D";
				SDKROOT = iphoneos;
			};
			name = Release;
		};
		061379CE135B24F700B2273D /* Debug */ = {
			isa = XCBuildConfiguration;
			buildSettings = {
				ALWAYS_SEARCH_USER_PATHS = NO;
				CODE_SIGN_IDENTITY = "iPhone Developer: Osamu Noguchi (BQY439J4V9)";
				COPY_PHASE_STRIP = NO;
				GCC_DYNAMIC_NO_PIC = NO;
				GCC_PRECOMPILE_PREFIX_HEADER = YES;
				GCC_PREFIX_HEADER = "TrackPost/TrackPost-Prefix.pch";
				GCC_VERSION = com.apple.compilers.llvm.clang.1_0;
				INFOPLIST_FILE = "TrackPost/TrackPost-Info.plist";
				PRODUCT_NAME = "$(TARGET_NAME)";
				PROVISIONING_PROFILE = "5FB26EB7-5CA2-436E-A191-21540F9BBF4D";
				WRAPPER_EXTENSION = app;
			};
			name = Debug;
		};
		061379CF135B24F700B2273D /* Release */ = {
			isa = XCBuildConfiguration;
			buildSettings = {
				ALWAYS_SEARCH_USER_PATHS = NO;
				CODE_SIGN_IDENTITY = "iPhone Developer: Osamu Noguchi (BQY439J4V9)";
				COPY_PHASE_STRIP = YES;
				GCC_PRECOMPILE_PREFIX_HEADER = YES;
				GCC_PREFIX_HEADER = "TrackPost/TrackPost-Prefix.pch";
				GCC_VERSION = com.apple.compilers.llvm.clang.1_0;
				INFOPLIST_FILE = "TrackPost/TrackPost-Info.plist";
				PRODUCT_NAME = "$(TARGET_NAME)";
				PROVISIONING_PROFILE = "5FB26EB7-5CA2-436E-A191-21540F9BBF4D";
				VALIDATE_PRODUCT = YES;
				WRAPPER_EXTENSION = app;
			};
			name = Release;
		};
		061379D1135B24F700B2273D /* Debug */ = {
			isa = XCBuildConfiguration;
			buildSettings = {
				ALWAYS_SEARCH_USER_PATHS = NO;
				BUNDLE_LOADER = "$(BUILT_PRODUCTS_DIR)/TrackPost.app/TrackPost";
				FRAMEWORK_SEARCH_PATHS = (
					"$(SDKROOT)/Developer/Library/Frameworks",
					"$(DEVELOPER_LIBRARY_DIR)/Frameworks",
				);
				GCC_PRECOMPILE_PREFIX_HEADER = YES;
				GCC_PREFIX_HEADER = "TrackPostTests/TrackPostTests-Prefix.pch";
				GCC_VERSION = com.apple.compilers.llvm.clang.1_0;
				INFOPLIST_FILE = "TrackPostTests/TrackPostTests-Info.plist";
				OTHER_LDFLAGS = (
					"-framework",
					SenTestingKit,
				);
				PRODUCT_NAME = "$(TARGET_NAME)";
				TEST_HOST = "$(BUNDLE_LOADER)";
				WRAPPER_EXTENSION = octest;
			};
			name = Debug;
		};
		061379D2135B24F700B2273D /* Release */ = {
			isa = XCBuildConfiguration;
			buildSettings = {
				ALWAYS_SEARCH_USER_PATHS = NO;
				BUNDLE_LOADER = "$(BUILT_PRODUCTS_DIR)/TrackPost.app/TrackPost";
				FRAMEWORK_SEARCH_PATHS = (
					"$(SDKROOT)/Developer/Library/Frameworks",
					"$(DEVELOPER_LIBRARY_DIR)/Frameworks",
				);
				GCC_PRECOMPILE_PREFIX_HEADER = YES;
				GCC_PREFIX_HEADER = "TrackPostTests/TrackPostTests-Prefix.pch";
				GCC_VERSION = com.apple.compilers.llvm.clang.1_0;
				INFOPLIST_FILE = "TrackPostTests/TrackPostTests-Info.plist";
				OTHER_LDFLAGS = (
					"-framework",
					SenTestingKit,
				);
				PRODUCT_NAME = "$(TARGET_NAME)";
				TEST_HOST = "$(BUNDLE_LOADER)";
				WRAPPER_EXTENSION = octest;
			};
			name = Release;
		};
/* End XCBuildConfiguration section */

/* Begin XCConfigurationList section */
		06137990135B24F600B2273D /* Build configuration list for PBXProject "TrackPost" */ = {
			isa = XCConfigurationList;
			buildConfigurations = (
				061379CB135B24F700B2273D /* Debug */,
				061379CC135B24F700B2273D /* Release */,
			);
			defaultConfigurationIsVisible = 0;
			defaultConfigurationName = Release;
		};
		061379CD135B24F700B2273D /* Build configuration list for PBXNativeTarget "TrackPost" */ = {
			isa = XCConfigurationList;
			buildConfigurations = (
				061379CE135B24F700B2273D /* Debug */,
				061379CF135B24F700B2273D /* Release */,
			);
			defaultConfigurationIsVisible = 0;
			defaultConfigurationName = Release;
		};
		061379D0135B24F700B2273D /* Build configuration list for PBXNativeTarget "TrackPostTests" */ = {
			isa = XCConfigurationList;
			buildConfigurations = (
				061379D1135B24F700B2273D /* Debug */,
				061379D2135B24F700B2273D /* Release */,
			);
			defaultConfigurationIsVisible = 0;
			defaultConfigurationName = Release;
		};
/* End XCConfigurationList section */
	};
	rootObject = 0613798D135B24F600B2273D /* Project object */;
}
